
Microsoft Visual Studio Solution File, Format Version 12.00
Project("{FAE04EC0-301F-11D3-BF4B-00C04F79EFBC}") = "day-01", "day-01\day-01.csproj", "{1CFF362F-AB9A-41CA-A83D-5B219C81701B}"
EndProject
Project("{FAE04EC0-301F-11D3-BF4B-00C04F79EFBC}") = "day-02", "day-02\day-02.csproj", "{18342337-02AD-4AF8-A9DC-6F5DE074ECE9}"
EndProject
Project("{FAE04EC0-301F-11D3-BF4B-00C04F79EFBC}") = "aocUtils", "aocUtils\aocUtils.csproj", "{84B478DB-E183-4FB5-9BCB-2D23FD1AF49B}"
EndProject
Project("{FAE04EC0-301F-11D3-BF4B-00C04F79EFBC}") = "day-03", "day-03\day-03.csproj", "{0DCDACEB-0257-4A3F-BF29-8C5B73F95250}"
EndProject
Project("{FAE04EC0-301F-11D3-BF4B-00C04F79EFBC}") = "day-04", "day-04\day-04.csproj", "{E94CF722-DF01-4A9D-B86D-447ECD510F96}"
EndProject
Project("{FAE04EC0-301F-11D3-BF4B-00C04F79EFBC}") = "day-05", "day-05\day-05.csproj", "{75178C7B-B9E8-45BB-A02C-7CA3B659BA74}"
EndProject
Project("{FAE04EC0-301F-11D3-BF4B-00C04F79EFBC}") = "day-06", "day-06\day-06.csproj", "{967707FF-04ED-47FE-B636-73189FD0A31E}"
EndProject
Project("{FAE04EC0-301F-11D3-BF4B-00C04F79EFBC}") = "day-07", "day-07\day-07.csproj", "{0F3512EA-53B4-45BC-80CC-CC7AB9989679}"
EndProject
Project("{FAE04EC0-301F-11D3-BF4B-00C04F79EFBC}") = "day-08", "day-08\day-08.csproj", "{37DF03F3-CC00-4785-B356-390A95DB2CC7}"
EndProject
Project("{FAE04EC0-301F-11D3-BF4B-00C04F79EFBC}") = "day-09", "day-09\day-09.csproj", "{9247D4DB-6FDB-4F68-839F-7D71EBADC96F}"
EndProject
Project("{FAE04EC0-301F-11D3-BF4B-00C04F79EFBC}") = "day-10", "day-10\day-10.csproj", "{89DF2BD7-FB08-457F-BDC7-476EC8F10884}"
EndProject
Project("{FAE04EC0-301F-11D3-BF4B-00C04F79EFBC}") = "day-11", "day-11\day-11.csproj", "{6FE905C9-6AB5-43A0-8498-D2F79E7CA701}"
EndProject
Project("{FAE04EC0-301F-11D3-BF4B-00C04F79EFBC}") = "day-12", "day-12\day-12.csproj", "{BBF24551-406F-47A9-956E-046EC6BA4AA1}"
EndProject
Project("{FAE04EC0-301F-11D3-BF4B-00C04F79EFBC}") = "day-13", "day-13\day-13.csproj", "{81AA01B5-723B-4197-B4F3-87313C21D0CC}"
EndProject
Project("{FAE04EC0-301F-11D3-BF4B-00C04F79EFBC}") = "day-14", "day-14\day-14.csproj", "{4A176A0C-FFAA-40FC-AE3E-CADD78A2D347}"
EndProject
Project("{FAE04EC0-301F-11D3-BF4B-00C04F79EFBC}") = "day-15", "day-15\day-15.csproj", "{39B3F190-DCB4-4ABC-B2B4-282F5FD79D55}"
EndProject
Project("{FAE04EC0-301F-11D3-BF4B-00C04F79EFBC}") = "day-16", "day-16\day-16.csproj", "{2BFA1B57-7BA2-430E-BC8C-B5C529D8D770}"
EndProject
Project("{FAE04EC0-301F-11D3-BF4B-00C04F79EFBC}") = "day-17", "day-17\day-17.csproj", "{51615CFA-FDDC-4D5A-AE6B-D54853734A6B}"
EndProject
Project("{FAE04EC0-301F-11D3-BF4B-00C04F79EFBC}") = "day-18", "day-18\day-18.csproj", "{F7650661-5DC0-47A9-A0EA-D98BD31E6C98}"
EndProject
Global
	GlobalSection(SolutionConfigurationPlatforms) = preSolution
		Debug|Any CPU = Debug|Any CPU
		Release|Any CPU = Release|Any CPU
	EndGlobalSection
	GlobalSection(ProjectConfigurationPlatforms) = postSolution
		{1CFF362F-AB9A-41CA-A83D-5B219C81701B}.Debug|Any CPU.ActiveCfg = Debug|Any CPU
		{1CFF362F-AB9A-41CA-A83D-5B219C81701B}.Debug|Any CPU.Build.0 = Debug|Any CPU
		{1CFF362F-AB9A-41CA-A83D-5B219C81701B}.Release|Any CPU.ActiveCfg = Release|Any CPU
		{1CFF362F-AB9A-41CA-A83D-5B219C81701B}.Release|Any CPU.Build.0 = Release|Any CPU
		{18342337-02AD-4AF8-A9DC-6F5DE074ECE9}.Debug|Any CPU.ActiveCfg = Debug|Any CPU
		{18342337-02AD-4AF8-A9DC-6F5DE074ECE9}.Debug|Any CPU.Build.0 = Debug|Any CPU
		{18342337-02AD-4AF8-A9DC-6F5DE074ECE9}.Release|Any CPU.ActiveCfg = Release|Any CPU
		{18342337-02AD-4AF8-A9DC-6F5DE074ECE9}.Release|Any CPU.Build.0 = Release|Any CPU
		{84B478DB-E183-4FB5-9BCB-2D23FD1AF49B}.Debug|Any CPU.ActiveCfg = Debug|Any CPU
		{84B478DB-E183-4FB5-9BCB-2D23FD1AF49B}.Debug|Any CPU.Build.0 = Debug|Any CPU
		{84B478DB-E183-4FB5-9BCB-2D23FD1AF49B}.Release|Any CPU.ActiveCfg = Release|Any CPU
		{84B478DB-E183-4FB5-9BCB-2D23FD1AF49B}.Release|Any CPU.Build.0 = Release|Any CPU
		{0DCDACEB-0257-4A3F-BF29-8C5B73F95250}.Debug|Any CPU.ActiveCfg = Debug|Any CPU
		{0DCDACEB-0257-4A3F-BF29-8C5B73F95250}.Debug|Any CPU.Build.0 = Debug|Any CPU
		{0DCDACEB-0257-4A3F-BF29-8C5B73F95250}.Release|Any CPU.ActiveCfg = Release|Any CPU
		{0DCDACEB-0257-4A3F-BF29-8C5B73F95250}.Release|Any CPU.Build.0 = Release|Any CPU
		{E94CF722-DF01-4A9D-B86D-447ECD510F96}.Debug|Any CPU.ActiveCfg = Debug|Any CPU
		{E94CF722-DF01-4A9D-B86D-447ECD510F96}.Debug|Any CPU.Build.0 = Debug|Any CPU
		{E94CF722-DF01-4A9D-B86D-447ECD510F96}.Release|Any CPU.ActiveCfg = Release|Any CPU
		{E94CF722-DF01-4A9D-B86D-447ECD510F96}.Release|Any CPU.Build.0 = Release|Any CPU
		{75178C7B-B9E8-45BB-A02C-7CA3B659BA74}.Debug|Any CPU.ActiveCfg = Debug|Any CPU
		{75178C7B-B9E8-45BB-A02C-7CA3B659BA74}.Debug|Any CPU.Build.0 = Debug|Any CPU
		{75178C7B-B9E8-45BB-A02C-7CA3B659BA74}.Release|Any CPU.ActiveCfg = Release|Any CPU
		{75178C7B-B9E8-45BB-A02C-7CA3B659BA74}.Release|Any CPU.Build.0 = Release|Any CPU
		{967707FF-04ED-47FE-B636-73189FD0A31E}.Debug|Any CPU.ActiveCfg = Debug|Any CPU
		{967707FF-04ED-47FE-B636-73189FD0A31E}.Debug|Any CPU.Build.0 = Debug|Any CPU
		{967707FF-04ED-47FE-B636-73189FD0A31E}.Release|Any CPU.ActiveCfg = Release|Any CPU
		{967707FF-04ED-47FE-B636-73189FD0A31E}.Release|Any CPU.Build.0 = Release|Any CPU
		{0F3512EA-53B4-45BC-80CC-CC7AB9989679}.Debug|Any CPU.ActiveCfg = Debug|Any CPU
		{0F3512EA-53B4-45BC-80CC-CC7AB9989679}.Debug|Any CPU.Build.0 = Debug|Any CPU
		{0F3512EA-53B4-45BC-80CC-CC7AB9989679}.Release|Any CPU.ActiveCfg = Release|Any CPU
		{0F3512EA-53B4-45BC-80CC-CC7AB9989679}.Release|Any CPU.Build.0 = Release|Any CPU
		{37DF03F3-CC00-4785-B356-390A95DB2CC7}.Debug|Any CPU.ActiveCfg = Debug|Any CPU
		{37DF03F3-CC00-4785-B356-390A95DB2CC7}.Debug|Any CPU.Build.0 = Debug|Any CPU
		{37DF03F3-CC00-4785-B356-390A95DB2CC7}.Release|Any CPU.ActiveCfg = Release|Any CPU
		{37DF03F3-CC00-4785-B356-390A95DB2CC7}.Release|Any CPU.Build.0 = Release|Any CPU
		{9247D4DB-6FDB-4F68-839F-7D71EBADC96F}.Debug|Any CPU.ActiveCfg = Debug|Any CPU
		{9247D4DB-6FDB-4F68-839F-7D71EBADC96F}.Debug|Any CPU.Build.0 = Debug|Any CPU
		{9247D4DB-6FDB-4F68-839F-7D71EBADC96F}.Release|Any CPU.ActiveCfg = Release|Any CPU
		{9247D4DB-6FDB-4F68-839F-7D71EBADC96F}.Release|Any CPU.Build.0 = Release|Any CPU
		{89DF2BD7-FB08-457F-BDC7-476EC8F10884}.Debug|Any CPU.ActiveCfg = Debug|Any CPU
		{89DF2BD7-FB08-457F-BDC7-476EC8F10884}.Debug|Any CPU.Build.0 = Debug|Any CPU
		{89DF2BD7-FB08-457F-BDC7-476EC8F10884}.Release|Any CPU.ActiveCfg = Release|Any CPU
		{89DF2BD7-FB08-457F-BDC7-476EC8F10884}.Release|Any CPU.Build.0 = Release|Any CPU
		{6FE905C9-6AB5-43A0-8498-D2F79E7CA701}.Debug|Any CPU.ActiveCfg = Debug|Any CPU
		{6FE905C9-6AB5-43A0-8498-D2F79E7CA701}.Debug|Any CPU.Build.0 = Debug|Any CPU
		{6FE905C9-6AB5-43A0-8498-D2F79E7CA701}.Release|Any CPU.ActiveCfg = Release|Any CPU
		{6FE905C9-6AB5-43A0-8498-D2F79E7CA701}.Release|Any CPU.Build.0 = Release|Any CPU
		{BBF24551-406F-47A9-956E-046EC6BA4AA1}.Debug|Any CPU.ActiveCfg = Debug|Any CPU
		{BBF24551-406F-47A9-956E-046EC6BA4AA1}.Debug|Any CPU.Build.0 = Debug|Any CPU
		{BBF24551-406F-47A9-956E-046EC6BA4AA1}.Release|Any CPU.ActiveCfg = Release|Any CPU
		{BBF24551-406F-47A9-956E-046EC6BA4AA1}.Release|Any CPU.Build.0 = Release|Any CPU
		{81AA01B5-723B-4197-B4F3-87313C21D0CC}.Debug|Any CPU.ActiveCfg = Debug|Any CPU
		{81AA01B5-723B-4197-B4F3-87313C21D0CC}.Debug|Any CPU.Build.0 = Debug|Any CPU
		{81AA01B5-723B-4197-B4F3-87313C21D0CC}.Release|Any CPU.ActiveCfg = Release|Any CPU
		{81AA01B5-723B-4197-B4F3-87313C21D0CC}.Release|Any CPU.Build.0 = Release|Any CPU
		{4A176A0C-FFAA-40FC-AE3E-CADD78A2D347}.Debug|Any CPU.ActiveCfg = Debug|Any CPU
		{4A176A0C-FFAA-40FC-AE3E-CADD78A2D347}.Debug|Any CPU.Build.0 = Debug|Any CPU
		{4A176A0C-FFAA-40FC-AE3E-CADD78A2D347}.Release|Any CPU.ActiveCfg = Release|Any CPU
		{4A176A0C-FFAA-40FC-AE3E-CADD78A2D347}.Release|Any CPU.Build.0 = Release|Any CPU
		{39B3F190-DCB4-4ABC-B2B4-282F5FD79D55}.Debug|Any CPU.ActiveCfg = Debug|Any CPU
		{39B3F190-DCB4-4ABC-B2B4-282F5FD79D55}.Debug|Any CPU.Build.0 = Debug|Any CPU
		{39B3F190-DCB4-4ABC-B2B4-282F5FD79D55}.Release|Any CPU.ActiveCfg = Release|Any CPU
		{39B3F190-DCB4-4ABC-B2B4-282F5FD79D55}.Release|Any CPU.Build.0 = Release|Any CPU
		{2BFA1B57-7BA2-430E-BC8C-B5C529D8D770}.Debug|Any CPU.ActiveCfg = Debug|Any CPU
		{2BFA1B57-7BA2-430E-BC8C-B5C529D8D770}.Debug|Any CPU.Build.0 = Debug|Any CPU
		{2BFA1B57-7BA2-430E-BC8C-B5C529D8D770}.Release|Any CPU.ActiveCfg = Release|Any CPU
		{2BFA1B57-7BA2-430E-BC8C-B5C529D8D770}.Release|Any CPU.Build.0 = Release|Any CPU
		{51615CFA-FDDC-4D5A-AE6B-D54853734A6B}.Debug|Any CPU.ActiveCfg = Debug|Any CPU
		{51615CFA-FDDC-4D5A-AE6B-D54853734A6B}.Debug|Any CPU.Build.0 = Debug|Any CPU
		{51615CFA-FDDC-4D5A-AE6B-D54853734A6B}.Release|Any CPU.ActiveCfg = Release|Any CPU
		{51615CFA-FDDC-4D5A-AE6B-D54853734A6B}.Release|Any CPU.Build.0 = Release|Any CPU
		{F7650661-5DC0-47A9-A0EA-D98BD31E6C98}.Debug|Any CPU.ActiveCfg = Debug|Any CPU
		{F7650661-5DC0-47A9-A0EA-D98BD31E6C98}.Debug|Any CPU.Build.0 = Debug|Any CPU
		{F7650661-5DC0-47A9-A0EA-D98BD31E6C98}.Release|Any CPU.ActiveCfg = Release|Any CPU
		{F7650661-5DC0-47A9-A0EA-D98BD31E6C98}.Release|Any CPU.Build.0 = Release|Any CPU
	EndGlobalSection
EndGlobal
